
Microsoft Visual Studio Solution File, Format Version 12.00
# Visual Studio 15
VisualStudioVersion = 15.0.27703.2026
MinimumVisualStudioVersion = 10.0.40219.1
Project("{FAE04EC0-301F-11D3-BF4B-00C04F79EFBC}") = "SecretsProvider", "SecretsProvider\SecretsProvider.csproj", "{FCFA211C-5F93-467C-BC2C-CE4871759AB9}"
EndProject
Project("{FAE04EC0-301F-11D3-BF4B-00C04F79EFBC}") = "Common", "Common\Common.csproj", "{24BE2646-0D72-4D64-8323-909669F16E8C}"
EndProject
Project("{FAE04EC0-301F-11D3-BF4B-00C04F79EFBC}") = "SecretsProviderTests", "SecretsProviderTests\SecretsProviderTests.csproj", "{D32899A4-5C13-4B0E-B428-2A36A17AD4ED}"
EndProject
Global
	GlobalSection(SolutionConfigurationPlatforms) = preSolution
		Debug|Any CPU = Debug|Any CPU
		Release|Any CPU = Release|Any CPU
	EndGlobalSection
	GlobalSection(ProjectConfigurationPlatforms) = postSolution
		{FCFA211C-5F93-467C-BC2C-CE4871759AB9}.Debug|Any CPU.ActiveCfg = Debug|Any CPU
		{FCFA211C-5F93-467C-BC2C-CE4871759AB9}.Debug|Any CPU.Build.0 = Debug|Any CPU
		{FCFA211C-5F93-467C-BC2C-CE4871759AB9}.Release|Any CPU.ActiveCfg = Release|Any CPU
		{FCFA211C-5F93-467C-BC2C-CE4871759AB9}.Release|Any CPU.Build.0 = Release|Any CPU
		{24BE2646-0D72-4D64-8323-909669F16E8C}.Debug|Any CPU.ActiveCfg = Debug|Any CPU
		{24BE2646-0D72-4D64-8323-909669F16E8C}.Debug|Any CPU.Build.0 = Debug|Any CPU
		{24BE2646-0D72-4D64-8323-909669F16E8C}.Release|Any CPU.ActiveCfg = Release|Any CPU
		{24BE2646-0D72-4D64-8323-909669F16E8C}.Release|Any CPU.Build.0 = Release|Any CPU
		{D32899A4-5C13-4B0E-B428-2A36A17AD4ED}.Debug|Any CPU.ActiveCfg = Debug|Any CPU
		{D32899A4-5C13-4B0E-B428-2A36A17AD4ED}.Debug|Any CPU.Build.0 = Debug|Any CPU
		{D32899A4-5C13-4B0E-B428-2A36A17AD4ED}.Release|Any CPU.ActiveCfg = Release|Any CPU
		{D32899A4-5C13-4B0E-B428-2A36A17AD4ED}.Release|Any CPU.Build.0 = Release|Any CPU
	EndGlobalSection
	GlobalSection(SolutionProperties) = preSolution
		HideSolutionNode = FALSE
	EndGlobalSection
	GlobalSection(ExtensibilityGlobals) = postSolution
		SolutionGuid = {423C5E8B-5750-4714-863B-2D327AFB31E6}
	EndGlobalSection
EndGlobal
